
Microsoft Visual Studio Solution File, Format Version 12.00
# Visual Studio Version 17
VisualStudioVersion = 17.10.34928.147
MinimumVisualStudioVersion = 10.0.40219.1
Project("{FAE04EC0-301F-11D3-BF4B-00C04F79EFBC}") = "15task", "15task\15task.csproj", "{04E93AA0-9604-49C4-A9CF-F7CA0ECFA6A0}"
EndProject
Global
	GlobalSection(SolutionConfigurationPlatforms) = preSolution
		Debug|Any CPU = Debug|Any CPU
		Release|Any CPU = Release|Any CPU
	EndGlobalSection
	GlobalSection(ProjectConfigurationPlatforms) = postSolution
		{04E93AA0-9604-49C4-A9CF-F7CA0ECFA6A0}.Debug|Any CPU.ActiveCfg = Debug|Any CPU
		{04E93AA0-9604-49C4-A9CF-F7CA0ECFA6A0}.Debug|Any CPU.Build.0 = Debug|Any CPU
		{04E93AA0-9604-49C4-A9CF-F7CA0ECFA6A0}.Release|Any CPU.ActiveCfg = Release|Any CPU
		{04E93AA0-9604-49C4-A9CF-F7CA0ECFA6A0}.Release|Any CPU.Build.0 = Release|Any CPU
	EndGlobalSection
	GlobalSection(SolutionProperties) = preSolution
		HideSolutionNode = FALSE
	EndGlobalSection
	GlobalSection(ExtensibilityGlobals) = postSolution
		SolutionGuid = {AF6C4FF3-C157-46D8-B49C-764BC4E2F621}
	EndGlobalSection
EndGlobal
